{
  "name": "BroadcastMessageAdvertising",
  "lockfileVersion": 2,
  "requires": true,
  "packages": {
    "": {
      "dependencies": {
        "drachtio-mw-digest-auth": "^0.3.3",
        "drachtio-mw-registration-parser": "^0.1.0",
        "drachtio-srf": "^4.4.47",
        "mysql": "^2.18.1"
      }
    },
    "node_modules/any-base": {
      "version": "1.1.0",
      "resolved": "https://registry.npmjs.org/any-base/-/any-base-1.1.0.tgz",
      "integrity": "sha512-uMgjozySS8adZZYePpaWs8cxB9/kdzmpX6SgJZ+wbz1K5eYk5QMYDVJaZKhxyIHUdnnJkfR7SVgStgH7LkGUyg=="
    },
    "node_modules/async": {
      "version": "1.5.2",
      "resolved": "https://registry.npmjs.org/async/-/async-1.5.2.tgz",
      "integrity": "sha1-7GphrlZIDAw8skHJVhjiCJL5Zyo="
    },
    "node_modules/bignumber.js": {
      "version": "9.0.0",
      "resolved": "https://registry.npmjs.org/bignumber.js/-/bignumber.js-9.0.0.tgz",
      "integrity": "sha512-t/OYhhJ2SD+YGBQcjY8GzzDHEk9f3nerxjtfa6tlMXfe7frs/WozhvCNoGvpM0P3bNf3Gq5ZRMlGr5f3r4/N8A==",
      "engines": {
        "node": "*"
      }
    },
    "node_modules/core-util-is": {
      "version": "1.0.2",
      "resolved": "https://registry.npmjs.org/core-util-is/-/core-util-is-1.0.2.tgz",
      "integrity": "sha1-tf1UIgqivFq1eqtxQMlAdUUDwac="
    },
    "node_modules/debug": {
      "version": "3.2.7",
      "resolved": "https://registry.npmjs.org/debug/-/debug-3.2.7.tgz",
      "integrity": "sha512-CFjzYYAi4ThfiQvizrFQevTTXHtnCqWfe7x1AhgEscTz6ZbLbfoLRLPugTQyBth6f8ZERVUSyWHFD/7Wu4t1XQ==",
      "dependencies": {
        "ms": "^2.1.1"
      }
    },
    "node_modules/delegates": {
      "version": "0.1.0",
      "resolved": "https://registry.npmjs.org/delegates/-/delegates-0.1.0.tgz",
      "integrity": "sha1-tLV74RoWU1F6BLJ/CUm9wyff45A="
    },
    "node_modules/deprecate": {
      "version": "1.1.1",
      "resolved": "https://registry.npmjs.org/deprecate/-/deprecate-1.1.1.tgz",
      "integrity": "sha512-ZGDXefq1xknT292LnorMY5s8UVU08/WKdzDZCUT6t9JzsiMSP4uzUhgpqugffNVcT5WC6wMBiSQ+LFjlv3v7iQ=="
    },
    "node_modules/drachtio-mw-digest-auth": {
      "version": "0.3.3",
      "resolved": "https://registry.npmjs.org/drachtio-mw-digest-auth/-/drachtio-mw-digest-auth-0.3.3.tgz",
      "integrity": "sha512-3+CAfZJfrWEIbrn3SwadDrTDTReS3r+HjpR2WR/r3qrdKFvse7xkHJ69qPGcKUprFmBMVe6II/nBOR+P7MZdNg==",
      "dependencies": {
        "nonce": "^1.0.4"
      }
    },
    "node_modules/drachtio-mw-registration-parser": {
      "version": "0.1.0",
      "resolved": "https://registry.npmjs.org/drachtio-mw-registration-parser/-/drachtio-mw-registration-parser-0.1.0.tgz",
      "integrity": "sha512-SNXEbFjOSuvDCArff/fH4xl1424sQTjPVzNE1Lq5LcyV9sVmW9+/CBBwwkFf1QgEtVUvgTa4w/Jx26Amb3hxaA==",
      "engines": {
        "node": ">= 6.9.3"
      }
    },
    "node_modules/drachtio-sip": {
      "version": "0.5.2",
      "resolved": "https://registry.npmjs.org/drachtio-sip/-/drachtio-sip-0.5.2.tgz",
      "integrity": "sha512-vwHRQQuS12JKO5hFdZKD8cYPJKQA1EFd5KVpw1ZuVSizMLrxz3++CuWYwRMmH97vLVWG4FMGFWjlDO3S2fhtPw==",
      "dependencies": {
        "debug": "^4.3.1",
        "only": "0.0.2",
        "sip-message-examples": "0.0.5",
        "sip-status": "~0.1.0"
      }
    },
    "node_modules/drachtio-sip/node_modules/debug": {
      "version": "4.3.1",
      "resolved": "https://registry.npmjs.org/debug/-/debug-4.3.1.tgz",
      "integrity": "sha512-doEwdvm4PCeK4K3RQN2ZC2BYUBaxwLARCqZmMjtF8a51J2Rb0xpVloFRnCODwqjpwnAoao4pelN8l3RJdv3gRQ==",
      "dependencies": {
        "ms": "2.1.2"
      },
      "engines": {
        "node": ">=6.0"
      },
      "peerDependenciesMeta": {
        "supports-color": {
          "optional": true
        }
      }
    },
    "node_modules/drachtio-sip/node_modules/ms": {
      "version": "2.1.2",
      "resolved": "https://registry.npmjs.org/ms/-/ms-2.1.2.tgz",
      "integrity": "sha512-sGkPx+VjMtmA6MX27oA4FBFELFCZZ4S4XqeGOXCv68tT+jb3vk/RyaKWP0PTKyWtmLSM0b+adUTEvbs1PEaH2w=="
    },
    "node_modules/drachtio-srf": {
      "version": "4.4.47",
      "resolved": "https://registry.npmjs.org/drachtio-srf/-/drachtio-srf-4.4.47.tgz",
      "integrity": "sha512-dpbutyaRWj0llqRShkd02nsaLj0dlSaKJhG6IzxeLQSiyY6h5/vtqEDaw/uft/sSqwrMWwu+6SlkutKjb5ei0A==",
      "dependencies": {
        "async": "^1.4.2",
        "debug": "^3.2.7",
        "delegates": "^0.1.0",
        "deprecate": "^1.1.1",
        "drachtio-sip": "^0.5.2",
        "node-noop": "0.0.1",
        "only": "0.0.2",
        "sdp-transform": "^2.14.1",
        "short-uuid": "^4.1.0",
        "sip-methods": "^0.3.0",
        "utils-merge": "1.0.0",
        "uuid": "^3.4.0"
      },
      "engines": {
        "node": ">= 6.9.3"
      }
    },
    "node_modules/inherits": {
      "version": "2.0.4",
      "resolved": "https://registry.npmjs.org/inherits/-/inherits-2.0.4.tgz",
      "integrity": "sha512-k/vGaX4/Yla3WzyMCvTQOXYeIHvqOKtnqBduzTHpzpQZzAskKMhZ2K+EnBiSM9zGSoIFeMpXKxa4dYeZIQqewQ=="
    },
    "node_modules/isarray": {
      "version": "1.0.0",
      "resolved": "https://registry.npmjs.org/isarray/-/isarray-1.0.0.tgz",
      "integrity": "sha1-u5NdSFgsuhaMBoNJV6VKPgcSTxE="
    },
    "node_modules/ms": {
      "version": "2.1.3",
      "resolved": "https://registry.npmjs.org/ms/-/ms-2.1.3.tgz",
      "integrity": "sha512-6FlzubTLZG3J2a/NVCAleEhjzq5oxgHyaCU9yYXvcLsvoVaHJq/s5xXI6/XXP6tz7R9xAOtHnSO/tXtF3WRTlA=="
    },
    "node_modules/mysql": {
      "version": "2.18.1",
      "resolved": "https://registry.npmjs.org/mysql/-/mysql-2.18.1.tgz",
      "integrity": "sha512-Bca+gk2YWmqp2Uf6k5NFEurwY/0td0cpebAucFpY/3jhrwrVGuxU2uQFCHjU19SJfje0yQvi+rVWdq78hR5lig==",
      "dependencies": {
        "bignumber.js": "9.0.0",
        "readable-stream": "2.3.7",
        "safe-buffer": "5.1.2",
        "sqlstring": "2.3.1"
      },
      "engines": {
        "node": ">= 0.6"
      }
    },
    "node_modules/node-noop": {
      "version": "0.0.1",
      "resolved": "https://registry.npmjs.org/node-noop/-/node-noop-0.0.1.tgz",
      "integrity": "sha1-CFzLsA3AY6eb5EwpDcqLpcXVQVM="
    },
    "node_modules/nonce": {
      "version": "1.0.4",
      "resolved": "https://registry.npmjs.org/nonce/-/nonce-1.0.4.tgz",
      "integrity": "sha1-7nMCrejBvvR28wG4yR9cxRpIdhI=",
      "engines": {
        "node": ">=0.6"
      }
    },
    "node_modules/only": {
      "version": "0.0.2",
      "resolved": "https://registry.npmjs.org/only/-/only-0.0.2.tgz",
      "integrity": "sha1-Kv3oTQPlC5qO3EROMGEKcCle37Q="
    },
    "node_modules/process-nextick-args": {
      "version": "2.0.1",
      "resolved": "https://registry.npmjs.org/process-nextick-args/-/process-nextick-args-2.0.1.tgz",
      "integrity": "sha512-3ouUOpQhtgrbOa17J7+uxOTpITYWaGP7/AhoR3+A+/1e9skrzelGi/dXzEYyvbxubEF6Wn2ypscTKiKJFFn1ag=="
    },
    "node_modules/readable-stream": {
      "version": "2.3.7",
      "resolved": "https://registry.npmjs.org/readable-stream/-/readable-stream-2.3.7.tgz",
      "integrity": "sha512-Ebho8K4jIbHAxnuxi7o42OrZgF/ZTNcsZj6nRKyUmkhLFq8CHItp/fy6hQZuZmP/n3yZ9VBUbp4zz/mX8hmYPw==",
      "dependencies": {
        "core-util-is": "~1.0.0",
        "inherits": "~2.0.3",
        "isarray": "~1.0.0",
        "process-nextick-args": "~2.0.0",
        "safe-buffer": "~5.1.1",
        "string_decoder": "~1.1.1",
        "util-deprecate": "~1.0.1"
      }
    },
    "node_modules/safe-buffer": {
      "version": "5.1.2",
      "resolved": "https://registry.npmjs.org/safe-buffer/-/safe-buffer-5.1.2.tgz",
      "integrity": "sha512-Gd2UZBJDkXlY7GbJxfsE8/nvKkUEU1G38c1siN6QP6a9PT9MmHB8GnpscSmMJSoF8LOIrt8ud/wPtojys4G6+g=="
    },
    "node_modules/sdp-transform": {
      "version": "2.14.1",
      "resolved": "https://registry.npmjs.org/sdp-transform/-/sdp-transform-2.14.1.tgz",
      "integrity": "sha512-RjZyX3nVwJyCuTo5tGPx+PZWkDMCg7oOLpSlhjDdZfwUoNqG1mM8nyj31IGHyaPWXhjbP7cdK3qZ2bmkJ1GzRw==",
      "bin": {
        "sdp-verify": "checker.js"
      }
    },
    "node_modules/short-uuid": {
      "version": "4.1.0",
      "resolved": "https://registry.npmjs.org/short-uuid/-/short-uuid-4.1.0.tgz",
      "integrity": "sha512-Zjerp00N5uUC7ET1mEjz77vY9h5zm6IQivtHxcbnoSIWyK6PD/dQnU5w916F8lzQIJjxBTEbCKsAikE64WxUxQ==",
      "dependencies": {
        "any-base": "^1.1.0",
        "uuid": "^8.3.0"
      },
      "engines": {
        "node": ">=8"
      }
    },
    "node_modules/short-uuid/node_modules/uuid": {
      "version": "8.3.2",
      "resolved": "https://registry.npmjs.org/uuid/-/uuid-8.3.2.tgz",
      "integrity": "sha512-+NYs2QeMWy+GWFOEm9xnn6HCDp0l7QBD7ml8zLUmJ+93Q5NF0NocErnwkTkXVFNiX3/fpC6afS8Dhb/gz7R7eg==",
      "bin": {
        "uuid": "dist/bin/uuid"
      }
    },
    "node_modules/sip-message-examples": {
      "version": "0.0.5",
      "resolved": "https://registry.npmjs.org/sip-message-examples/-/sip-message-examples-0.0.5.tgz",
      "integrity": "sha512-p/t6su7UkiicfUR2CWlUO3rJJIeGO+6oekdnCp8QC6ut5z3AyfhjaefmJKWW8JyrC/2nZYmLdEfBqpKryS4QSg=="
    },
    "node_modules/sip-methods": {
      "version": "0.3.0",
      "resolved": "https://registry.npmjs.org/sip-methods/-/sip-methods-0.3.0.tgz",
      "integrity": "sha1-6KKiO7EEKPuem1hCv2Q9TrPrnPM="
    },
    "node_modules/sip-status": {
      "version": "0.1.0",
      "resolved": "https://registry.npmjs.org/sip-status/-/sip-status-0.1.0.tgz",
      "integrity": "sha1-fHvT+cvfLQ09g6AGwxyAlVJdH5c="
    },
    "node_modules/sqlstring": {
      "version": "2.3.1",
      "resolved": "https://registry.npmjs.org/sqlstring/-/sqlstring-2.3.1.tgz",
      "integrity": "sha1-R1OT/56RR5rqYtyvDKPRSYOn+0A=",
      "engines": {
        "node": ">= 0.6"
      }
    },
    "node_modules/string_decoder": {
      "version": "1.1.1",
      "resolved": "https://registry.npmjs.org/string_decoder/-/string_decoder-1.1.1.tgz",
      "integrity": "sha512-n/ShnvDi6FHbbVfviro+WojiFzv+s8MPMHBczVePfUpDJLwoLT0ht1l4YwBCbi8pJAveEEdnkHyPyTP/mzRfwg==",
      "dependencies": {
        "safe-buffer": "~5.1.0"
      }
    },
    "node_modules/util-deprecate": {
      "version": "1.0.2",
      "resolved": "https://registry.npmjs.org/util-deprecate/-/util-deprecate-1.0.2.tgz",
      "integrity": "sha1-RQ1Nyfpw3nMnYvvS1KKJgUGaDM8="
    },
    "node_modules/utils-merge": {
      "version": "1.0.0",
      "resolved": "https://registry.npmjs.org/utils-merge/-/utils-merge-1.0.0.tgz",
      "integrity": "sha1-ApT7kiu5N1FTVBxPcJYjHyh8ivg=",
      "engines": {
        "node": ">= 0.4.0"
      }
    },
    "node_modules/uuid": {
      "version": "3.4.0",
      "resolved": "https://registry.npmjs.org/uuid/-/uuid-3.4.0.tgz",
      "integrity": "sha512-HjSDRw6gZE5JMggctHBcjVak08+KEVhSIiDzFnT9S9aegmp85S/bReBVTb4QTFaRNptJ9kuYaNhnbNEOkbKb/A==",
      "bin": {
        "uuid": "bin/uuid"
      }
    }
  },
  "dependencies": {
    "any-base": {
      "version": "1.1.0",
      "resolved": "https://registry.npmjs.org/any-base/-/any-base-1.1.0.tgz",
      "integrity": "sha512-uMgjozySS8adZZYePpaWs8cxB9/kdzmpX6SgJZ+wbz1K5eYk5QMYDVJaZKhxyIHUdnnJkfR7SVgStgH7LkGUyg=="
    },
    "async": {
      "version": "1.5.2",
      "resolved": "https://registry.npmjs.org/async/-/async-1.5.2.tgz",
      "integrity": "sha1-7GphrlZIDAw8skHJVhjiCJL5Zyo="
    },
    "bignumber.js": {
      "version": "9.0.0",
      "resolved": "https://registry.npmjs.org/bignumber.js/-/bignumber.js-9.0.0.tgz",
      "integrity": "sha512-t/OYhhJ2SD+YGBQcjY8GzzDHEk9f3nerxjtfa6tlMXfe7frs/WozhvCNoGvpM0P3bNf3Gq5ZRMlGr5f3r4/N8A=="
    },
    "core-util-is": {
      "version": "1.0.2",
      "resolved": "https://registry.npmjs.org/core-util-is/-/core-util-is-1.0.2.tgz",
      "integrity": "sha1-tf1UIgqivFq1eqtxQMlAdUUDwac="
    },
    "debug": {
      "version": "3.2.7",
      "resolved": "https://registry.npmjs.org/debug/-/debug-3.2.7.tgz",
      "integrity": "sha512-CFjzYYAi4ThfiQvizrFQevTTXHtnCqWfe7x1AhgEscTz6ZbLbfoLRLPugTQyBth6f8ZERVUSyWHFD/7Wu4t1XQ==",
      "requires": {
        "ms": "^2.1.1"
      }
    },
    "delegates": {
      "version": "0.1.0",
      "resolved": "https://registry.npmjs.org/delegates/-/delegates-0.1.0.tgz",
      "integrity": "sha1-tLV74RoWU1F6BLJ/CUm9wyff45A="
    },
    "deprecate": {
      "version": "1.1.1",
      "resolved": "https://registry.npmjs.org/deprecate/-/deprecate-1.1.1.tgz",
      "integrity": "sha512-ZGDXefq1xknT292LnorMY5s8UVU08/WKdzDZCUT6t9JzsiMSP4uzUhgpqugffNVcT5WC6wMBiSQ+LFjlv3v7iQ=="
    },
    "drachtio-mw-digest-auth": {
      "version": "0.3.3",
      "resolved": "https://registry.npmjs.org/drachtio-mw-digest-auth/-/drachtio-mw-digest-auth-0.3.3.tgz",
      "integrity": "sha512-3+CAfZJfrWEIbrn3SwadDrTDTReS3r+HjpR2WR/r3qrdKFvse7xkHJ69qPGcKUprFmBMVe6II/nBOR+P7MZdNg==",
      "requires": {
        "nonce": "^1.0.4"
      }
    },
    "drachtio-mw-registration-parser": {
      "version": "0.1.0",
      "resolved": "https://registry.npmjs.org/drachtio-mw-registration-parser/-/drachtio-mw-registration-parser-0.1.0.tgz",
      "integrity": "sha512-SNXEbFjOSuvDCArff/fH4xl1424sQTjPVzNE1Lq5LcyV9sVmW9+/CBBwwkFf1QgEtVUvgTa4w/Jx26Amb3hxaA=="
    },
    "drachtio-sip": {
      "version": "0.5.2",
      "resolved": "https://registry.npmjs.org/drachtio-sip/-/drachtio-sip-0.5.2.tgz",
      "integrity": "sha512-vwHRQQuS12JKO5hFdZKD8cYPJKQA1EFd5KVpw1ZuVSizMLrxz3++CuWYwRMmH97vLVWG4FMGFWjlDO3S2fhtPw==",
      "requires": {
        "debug": "^4.3.1",
        "only": "0.0.2",
        "sip-message-examples": "0.0.5",
        "sip-status": "~0.1.0"
      },
      "dependencies": {
        "debug": {
          "version": "4.3.1",
          "resolved": "https://registry.npmjs.org/debug/-/debug-4.3.1.tgz",
          "integrity": "sha512-doEwdvm4PCeK4K3RQN2ZC2BYUBaxwLARCqZmMjtF8a51J2Rb0xpVloFRnCODwqjpwnAoao4pelN8l3RJdv3gRQ==",
          "requires": {
            "ms": "2.1.2"
          }
        },
        "ms": {
          "version": "2.1.2",
          "resolved": "https://registry.npmjs.org/ms/-/ms-2.1.2.tgz",
          "integrity": "sha512-sGkPx+VjMtmA6MX27oA4FBFELFCZZ4S4XqeGOXCv68tT+jb3vk/RyaKWP0PTKyWtmLSM0b+adUTEvbs1PEaH2w=="
        }
      }
    },
    "drachtio-srf": {
      "version": "4.4.47",
      "resolved": "https://registry.npmjs.org/drachtio-srf/-/drachtio-srf-4.4.47.tgz",
      "integrity": "sha512-dpbutyaRWj0llqRShkd02nsaLj0dlSaKJhG6IzxeLQSiyY6h5/vtqEDaw/uft/sSqwrMWwu+6SlkutKjb5ei0A==",
      "requires": {
        "async": "^1.4.2",
        "debug": "^3.2.7",
        "delegates": "^0.1.0",
        "deprecate": "^1.1.1",
        "drachtio-sip": "^0.5.2",
        "node-noop": "0.0.1",
        "only": "0.0.2",
        "sdp-transform": "^2.14.1",
        "short-uuid": "^4.1.0",
        "sip-methods": "^0.3.0",
        "utils-merge": "1.0.0",
        "uuid": "^3.4.0"
      }
    },
    "inherits": {
      "version": "2.0.4",
      "resolved": "https://registry.npmjs.org/inherits/-/inherits-2.0.4.tgz",
      "integrity": "sha512-k/vGaX4/Yla3WzyMCvTQOXYeIHvqOKtnqBduzTHpzpQZzAskKMhZ2K+EnBiSM9zGSoIFeMpXKxa4dYeZIQqewQ=="
    },
    "isarray": {
      "version": "1.0.0",
      "resolved": "https://registry.npmjs.org/isarray/-/isarray-1.0.0.tgz",
      "integrity": "sha1-u5NdSFgsuhaMBoNJV6VKPgcSTxE="
    },
    "ms": {
      "version": "2.1.3",
      "resolved": "https://registry.npmjs.org/ms/-/ms-2.1.3.tgz",
      "integrity": "sha512-6FlzubTLZG3J2a/NVCAleEhjzq5oxgHyaCU9yYXvcLsvoVaHJq/s5xXI6/XXP6tz7R9xAOtHnSO/tXtF3WRTlA=="
    },
    "mysql": {
      "version": "2.18.1",
      "resolved": "https://registry.npmjs.org/mysql/-/mysql-2.18.1.tgz",
      "integrity": "sha512-Bca+gk2YWmqp2Uf6k5NFEurwY/0td0cpebAucFpY/3jhrwrVGuxU2uQFCHjU19SJfje0yQvi+rVWdq78hR5lig==",
      "requires": {
        "bignumber.js": "9.0.0",
        "readable-stream": "2.3.7",
        "safe-buffer": "5.1.2",
        "sqlstring": "2.3.1"
      }
    },
    "node-noop": {
      "version": "0.0.1",
      "resolved": "https://registry.npmjs.org/node-noop/-/node-noop-0.0.1.tgz",
      "integrity": "sha1-CFzLsA3AY6eb5EwpDcqLpcXVQVM="
    },
    "nonce": {
      "version": "1.0.4",
      "resolved": "https://registry.npmjs.org/nonce/-/nonce-1.0.4.tgz",
      "integrity": "sha1-7nMCrejBvvR28wG4yR9cxRpIdhI="
    },
    "only": {
      "version": "0.0.2",
      "resolved": "https://registry.npmjs.org/only/-/only-0.0.2.tgz",
      "integrity": "sha1-Kv3oTQPlC5qO3EROMGEKcCle37Q="
    },
    "process-nextick-args": {
      "version": "2.0.1",
      "resolved": "https://registry.npmjs.org/process-nextick-args/-/process-nextick-args-2.0.1.tgz",
      "integrity": "sha512-3ouUOpQhtgrbOa17J7+uxOTpITYWaGP7/AhoR3+A+/1e9skrzelGi/dXzEYyvbxubEF6Wn2ypscTKiKJFFn1ag=="
    },
    "readable-stream": {
      "version": "2.3.7",
      "resolved": "https://registry.npmjs.org/readable-stream/-/readable-stream-2.3.7.tgz",
      "integrity": "sha512-Ebho8K4jIbHAxnuxi7o42OrZgF/ZTNcsZj6nRKyUmkhLFq8CHItp/fy6hQZuZmP/n3yZ9VBUbp4zz/mX8hmYPw==",
      "requires": {
        "core-util-is": "~1.0.0",
        "inherits": "~2.0.3",
        "isarray": "~1.0.0",
        "process-nextick-args": "~2.0.0",
        "safe-buffer": "~5.1.1",
        "string_decoder": "~1.1.1",
        "util-deprecate": "~1.0.1"
      }
    },
    "safe-buffer": {
      "version": "5.1.2",
      "resolved": "https://registry.npmjs.org/safe-buffer/-/safe-buffer-5.1.2.tgz",
      "integrity": "sha512-Gd2UZBJDkXlY7GbJxfsE8/nvKkUEU1G38c1siN6QP6a9PT9MmHB8GnpscSmMJSoF8LOIrt8ud/wPtojys4G6+g=="
    },
    "sdp-transform": {
      "version": "2.14.1",
      "resolved": "https://registry.npmjs.org/sdp-transform/-/sdp-transform-2.14.1.tgz",
      "integrity": "sha512-RjZyX3nVwJyCuTo5tGPx+PZWkDMCg7oOLpSlhjDdZfwUoNqG1mM8nyj31IGHyaPWXhjbP7cdK3qZ2bmkJ1GzRw=="
    },
    "short-uuid": {
      "version": "4.1.0",
      "resolved": "https://registry.npmjs.org/short-uuid/-/short-uuid-4.1.0.tgz",
      "integrity": "sha512-Zjerp00N5uUC7ET1mEjz77vY9h5zm6IQivtHxcbnoSIWyK6PD/dQnU5w916F8lzQIJjxBTEbCKsAikE64WxUxQ==",
      "requires": {
        "any-base": "^1.1.0",
        "uuid": "^8.3.0"
      },
      "dependencies": {
        "uuid": {
          "version": "8.3.2",
          "resolved": "https://registry.npmjs.org/uuid/-/uuid-8.3.2.tgz",
          "integrity": "sha512-+NYs2QeMWy+GWFOEm9xnn6HCDp0l7QBD7ml8zLUmJ+93Q5NF0NocErnwkTkXVFNiX3/fpC6afS8Dhb/gz7R7eg=="
        }
      }
    },
    "sip-message-examples": {
      "version": "0.0.5",
      "resolved": "https://registry.npmjs.org/sip-message-examples/-/sip-message-examples-0.0.5.tgz",
      "integrity": "sha512-p/t6su7UkiicfUR2CWlUO3rJJIeGO+6oekdnCp8QC6ut5z3AyfhjaefmJKWW8JyrC/2nZYmLdEfBqpKryS4QSg=="
    },
    "sip-methods": {
      "version": "0.3.0",
      "resolved": "https://registry.npmjs.org/sip-methods/-/sip-methods-0.3.0.tgz",
      "integrity": "sha1-6KKiO7EEKPuem1hCv2Q9TrPrnPM="
    },
    "sip-status": {
      "version": "0.1.0",
      "resolved": "https://registry.npmjs.org/sip-status/-/sip-status-0.1.0.tgz",
      "integrity": "sha1-fHvT+cvfLQ09g6AGwxyAlVJdH5c="
    },
    "sqlstring": {
      "version": "2.3.1",
      "resolved": "https://registry.npmjs.org/sqlstring/-/sqlstring-2.3.1.tgz",
      "integrity": "sha1-R1OT/56RR5rqYtyvDKPRSYOn+0A="
    },
    "string_decoder": {
      "version": "1.1.1",
      "resolved": "https://registry.npmjs.org/string_decoder/-/string_decoder-1.1.1.tgz",
      "integrity": "sha512-n/ShnvDi6FHbbVfviro+WojiFzv+s8MPMHBczVePfUpDJLwoLT0ht1l4YwBCbi8pJAveEEdnkHyPyTP/mzRfwg==",
      "requires": {
        "safe-buffer": "~5.1.0"
      }
    },
    "util-deprecate": {
      "version": "1.0.2",
      "resolved": "https://registry.npmjs.org/util-deprecate/-/util-deprecate-1.0.2.tgz",
      "integrity": "sha1-RQ1Nyfpw3nMnYvvS1KKJgUGaDM8="
    },
    "utils-merge": {
      "version": "1.0.0",
      "resolved": "https://registry.npmjs.org/utils-merge/-/utils-merge-1.0.0.tgz",
      "integrity": "sha1-ApT7kiu5N1FTVBxPcJYjHyh8ivg="
    },
    "uuid": {
      "version": "3.4.0",
      "resolved": "https://registry.npmjs.org/uuid/-/uuid-3.4.0.tgz",
      "integrity": "sha512-HjSDRw6gZE5JMggctHBcjVak08+KEVhSIiDzFnT9S9aegmp85S/bReBVTb4QTFaRNptJ9kuYaNhnbNEOkbKb/A=="
    }
  }
}
